// !$*UTF8*$!
{
	archiveVersion = 1;
	classes = {
	};
	objectVersion = 46;
	objects = {

/* Begin PBXBuildFile section */
		1331DB0514912D41005E6106 /* SelectACityViewController.m in Sources */ = {isa = PBXBuildFile; fileRef = 1331DB0314912D41005E6106 /* SelectACityViewController.m */; };
		1331DB0814912DC2005E6106 /* SelectACityViewController.xib in Resources */ = {isa = PBXBuildFile; fileRef = 1331DB0714912DC2005E6106 /* SelectACityViewController.xib */; };
		1331DB201491855D005E6106 /* PleaseWaitView.m in Sources */ = {isa = PBXBuildFile; fileRef = 1331DB1E1491855C005E6106 /* PleaseWaitView.m */; };
		1331DB2314918609005E6106 /* PleaseWaitView.xib in Resources */ = {isa = PBXBuildFile; fileRef = 1331DB2214918609005E6106 /* PleaseWaitView.xib */; };
		13742C3F148BEE5C008C2DF0 /* BaseRequest.m in Sources */ = {isa = PBXBuildFile; fileRef = 13742C3E148BEE5C008C2DF0 /* BaseRequest.m */; };
		13742C46148BF2E3008C2DF0 /* Default.png in Resources */ = {isa = PBXBuildFile; fileRef = 13742C44148BF2E3008C2DF0 /* Default.png */; };
		13742C47148BF2E3008C2DF0 /* Default@2x.png in Resources */ = {isa = PBXBuildFile; fileRef = 13742C45148BF2E3008C2DF0 /* Default@2x.png */; };
		13742C4A148C08F7008C2DF0 /* CityListRequest.m in Sources */ = {isa = PBXBuildFile; fileRef = 13742C49148C08F7008C2DF0 /* CityListRequest.m */; };
		13742C4D148C102D008C2DF0 /* CityInfo.m in Sources */ = {isa = PBXBuildFile; fileRef = 13742C4C148C102D008C2DF0 /* CityInfo.m */; };
		13742C50148D9A8E008C2DF0 /* CoreLocationController.m in Sources */ = {isa = PBXBuildFile; fileRef = 13742C4F148D9A8E008C2DF0 /* CoreLocationController.m */; };
		13742C59148DA6BF008C2DF0 /* plainBackground.png in Resources */ = {isa = PBXBuildFile; fileRef = 13742C57148DA6BF008C2DF0 /* plainBackground.png */; };
		13742C5A148DA6BF008C2DF0 /* plainBackground@2x.png in Resources */ = {isa = PBXBuildFile; fileRef = 13742C58148DA6BF008C2DF0 /* plainBackground@2x.png */; };
		13742C62148DAD01008C2DF0 /* DeviceReachabilityHelper.m in Sources */ = {isa = PBXBuildFile; fileRef = 13742C5F148DAD00008C2DF0 /* DeviceReachabilityHelper.m */; };
		13742C63148DAD01008C2DF0 /* DeviceTypeHelper.m in Sources */ = {isa = PBXBuildFile; fileRef = 13742C61148DAD01008C2DF0 /* DeviceTypeHelper.m */; };
		13742C67148DAF3C008C2DF0 /* SetupViewController.m in Sources */ = {isa = PBXBuildFile; fileRef = 13742C65148DAF3B008C2DF0 /* SetupViewController.m */; };
		13742C6A148DAF67008C2DF0 /* SetupViewController.xib in Resources */ = {isa = PBXBuildFile; fileRef = 13742C69148DAF67008C2DF0 /* SetupViewController.xib */; };
		13742C70148E77D9008C2DF0 /* CoreLocation.framework in Frameworks */ = {isa = PBXBuildFile; fileRef = 13742C6F148E77D9008C2DF0 /* CoreLocation.framework */; };
		13742C72148E784B008C2DF0 /* SystemConfiguration.framework in Frameworks */ = {isa = PBXBuildFile; fileRef = 13742C71148E784B008C2DF0 /* SystemConfiguration.framework */; };
		13742C7C148E8339008C2DF0 /* MainWindow.xib in Resources */ = {isa = PBXBuildFile; fileRef = 13742C7B148E8339008C2DF0 /* MainWindow.xib */; };
		13742C90148FF8DD008C2DF0 /* CouponCell.xib in Resources */ = {isa = PBXBuildFile; fileRef = 13742C8F148FF8DD008C2DF0 /* CouponCell.xib */; };
		13742C9414902654008C2DF0 /* CouponTableViewController.m in Sources */ = {isa = PBXBuildFile; fileRef = 13742C9214902652008C2DF0 /* CouponTableViewController.m */; };
		13742C97149026CB008C2DF0 /* CouponTableViewController.xib in Resources */ = {isa = PBXBuildFile; fileRef = 13742C96149026CB008C2DF0 /* CouponTableViewController.xib */; };
		13989FE714906EAE0020363A /* CouponListRequest.m in Sources */ = {isa = PBXBuildFile; fileRef = 13989FE614906EAE0020363A /* CouponListRequest.m */; };
		13989FEA14907CB80020363A /* CouponInfo.m in Sources */ = {isa = PBXBuildFile; fileRef = 13989FE914907CB80020363A /* CouponInfo.m */; };
		13C3103D148BDEAC00C67B57 /* UIKit.framework in Frameworks */ = {isa = PBXBuildFile; fileRef = 13C3103C148BDEAC00C67B57 /* UIKit.framework */; };
		13C3103F148BDEAC00C67B57 /* Foundation.framework in Frameworks */ = {isa = PBXBuildFile; fileRef = 13C3103E148BDEAC00C67B57 /* Foundation.framework */; };
		13C31041148BDEAC00C67B57 /* CoreGraphics.framework in Frameworks */ = {isa = PBXBuildFile; fileRef = 13C31040148BDEAC00C67B57 /* CoreGraphics.framework */; };
		13C31047148BDEAC00C67B57 /* InfoPlist.strings in Resources */ = {isa = PBXBuildFile; fileRef = 13C31045148BDEAC00C67B57 /* InfoPlist.strings */; };
		13C31049148BDEAC00C67B57 /* main.m in Sources */ = {isa = PBXBuildFile; fileRef = 13C31048148BDEAC00C67B57 /* main.m */; };
		13C3104D148BDEAC00C67B57 /* DailyDealsAppDelegate.m in Sources */ = {isa = PBXBuildFile; fileRef = 13C3104C148BDEAC00C67B57 /* DailyDealsAppDelegate.m */; };
		13C31050148BDEAC00C67B57 /* DailyDealsFirstViewController.m in Sources */ = {isa = PBXBuildFile; fileRef = 13C3104F148BDEAC00C67B57 /* DailyDealsFirstViewController.m */; };
		13C31057148BDEAC00C67B57 /* DailyDealsSecondViewController.m in Sources */ = {isa = PBXBuildFile; fileRef = 13C31056148BDEAC00C67B57 /* DailyDealsSecondViewController.m */; };
		13C310AA148BE04000C67B57 /* first.png in Resources */ = {isa = PBXBuildFile; fileRef = 13C310A3148BE04000C67B57 /* first.png */; };
		13C310AB148BE04000C67B57 /* first@2x.png in Resources */ = {isa = PBXBuildFile; fileRef = 13C310A4148BE04000C67B57 /* first@2x.png */; };
		13C310AC148BE04000C67B57 /* second.png in Resources */ = {isa = PBXBuildFile; fileRef = 13C310A5148BE04000C67B57 /* second.png */; };
		13C310AD148BE04000C67B57 /* second@2x.png in Resources */ = {isa = PBXBuildFile; fileRef = 13C310A6148BE04000C67B57 /* second@2x.png */; };
		13C310AE148BE04000C67B57 /* DailyDealsFirstViewController.xib in Resources */ = {isa = PBXBuildFile; fileRef = 13C310A8148BE04000C67B57 /* DailyDealsFirstViewController.xib */; };
		13C310AF148BE04000C67B57 /* DailyDealsSecondViewController.xib in Resources */ = {isa = PBXBuildFile; fileRef = 13C310A9148BE04000C67B57 /* DailyDealsSecondViewController.xib */; };
/* End PBXBuildFile section */

/* Begin PBXFileReference section */
		1331DB0214912D41005E6106 /* SelectACityViewController.h */ = {isa = PBXFileReference; fileEncoding = 4; lastKnownFileType = sourcecode.c.h; path = SelectACityViewController.h; sourceTree = "<group>"; };
		1331DB0314912D41005E6106 /* SelectACityViewController.m */ = {isa = PBXFileReference; fileEncoding = 4; lastKnownFileType = sourcecode.c.objc; path = SelectACityViewController.m; sourceTree = "<group>"; };
		1331DB0714912DC2005E6106 /* SelectACityViewController.xib */ = {isa = PBXFileReference; fileEncoding = 4; lastKnownFileType = file.xib; path = SelectACityViewController.xib; sourceTree = "<group>"; };
		1331DB1D1491855C005E6106 /* PleaseWaitView.h */ = {isa = PBXFileReference; fileEncoding = 4; lastKnownFileType = sourcecode.c.h; path = PleaseWaitView.h; sourceTree = "<group>"; };
		1331DB1E1491855C005E6106 /* PleaseWaitView.m */ = {isa = PBXFileReference; fileEncoding = 4; lastKnownFileType = sourcecode.c.objc; path = PleaseWaitView.m; sourceTree = "<group>"; };
		1331DB2214918609005E6106 /* PleaseWaitView.xib */ = {isa = PBXFileReference; fileEncoding = 4; lastKnownFileType = file.xib; path = PleaseWaitView.xib; sourceTree = "<group>"; };
		13742C3D148BEE5C008C2DF0 /* BaseRequest.h */ = {isa = PBXFileReference; fileEncoding = 4; lastKnownFileType = sourcecode.c.h; path = BaseRequest.h; sourceTree = "<group>"; };
		13742C3E148BEE5C008C2DF0 /* BaseRequest.m */ = {isa = PBXFileReference; fileEncoding = 4; lastKnownFileType = sourcecode.c.objc; path = BaseRequest.m; sourceTree = "<group>"; };
		13742C44148BF2E3008C2DF0 /* Default.png */ = {isa = PBXFileReference; lastKnownFileType = image.png; path = Default.png; sourceTree = "<group>"; };
		13742C45148BF2E3008C2DF0 /* Default@2x.png */ = {isa = PBXFileReference; lastKnownFileType = image.png; path = "Default@2x.png"; sourceTree = "<group>"; };
		13742C48148C08F7008C2DF0 /* CityListRequest.h */ = {isa = PBXFileReference; fileEncoding = 4; lastKnownFileType = sourcecode.c.h; path = CityListRequest.h; sourceTree = "<group>"; };
		13742C49148C08F7008C2DF0 /* CityListRequest.m */ = {isa = PBXFileReference; fileEncoding = 4; lastKnownFileType = sourcecode.c.objc; path = CityListRequest.m; sourceTree = "<group>"; };
		13742C4B148C102D008C2DF0 /* CityInfo.h */ = {isa = PBXFileReference; fileEncoding = 4; lastKnownFileType = sourcecode.c.h; path = CityInfo.h; sourceTree = "<group>"; };
		13742C4C148C102D008C2DF0 /* CityInfo.m */ = {isa = PBXFileReference; fileEncoding = 4; lastKnownFileType = sourcecode.c.objc; path = CityInfo.m; sourceTree = "<group>"; };
		13742C4E148D9A8E008C2DF0 /* CoreLocationController.h */ = {isa = PBXFileReference; fileEncoding = 4; lastKnownFileType = sourcecode.c.h; path = CoreLocationController.h; sourceTree = "<group>"; };
		13742C4F148D9A8E008C2DF0 /* CoreLocationController.m */ = {isa = PBXFileReference; fileEncoding = 4; lastKnownFileType = sourcecode.c.objc; path = CoreLocationController.m; sourceTree = "<group>"; };
		13742C57148DA6BF008C2DF0 /* plainBackground.png */ = {isa = PBXFileReference; lastKnownFileType = image.png; path = plainBackground.png; sourceTree = "<group>"; };
		13742C58148DA6BF008C2DF0 /* plainBackground@2x.png */ = {isa = PBXFileReference; lastKnownFileType = image.png; path = "plainBackground@2x.png"; sourceTree = "<group>"; };
		13742C5E148DAD00008C2DF0 /* DeviceReachabilityHelper.h */ = {isa = PBXFileReference; fileEncoding = 4; lastKnownFileType = sourcecode.c.h; path = DeviceReachabilityHelper.h; sourceTree = "<group>"; };
		13742C5F148DAD00008C2DF0 /* DeviceReachabilityHelper.m */ = {isa = PBXFileReference; fileEncoding = 4; lastKnownFileType = sourcecode.c.objc; path = DeviceReachabilityHelper.m; sourceTree = "<group>"; };
		13742C60148DAD01008C2DF0 /* DeviceTypeHelper.h */ = {isa = PBXFileReference; fileEncoding = 4; lastKnownFileType = sourcecode.c.h; path = DeviceTypeHelper.h; sourceTree = "<group>"; };
		13742C61148DAD01008C2DF0 /* DeviceTypeHelper.m */ = {isa = PBXFileReference; fileEncoding = 4; lastKnownFileType = sourcecode.c.objc; path = DeviceTypeHelper.m; sourceTree = "<group>"; };
		13742C64148DAF3B008C2DF0 /* SetupViewController.h */ = {isa = PBXFileReference; fileEncoding = 4; lastKnownFileType = sourcecode.c.h; path = SetupViewController.h; sourceTree = "<group>"; };
		13742C65148DAF3B008C2DF0 /* SetupViewController.m */ = {isa = PBXFileReference; fileEncoding = 4; lastKnownFileType = sourcecode.c.objc; path = SetupViewController.m; sourceTree = "<group>"; };
		13742C69148DAF67008C2DF0 /* SetupViewController.xib */ = {isa = PBXFileReference; fileEncoding = 4; lastKnownFileType = file.xib; path = SetupViewController.xib; sourceTree = "<group>"; };
		13742C6F148E77D9008C2DF0 /* CoreLocation.framework */ = {isa = PBXFileReference; lastKnownFileType = wrapper.framework; name = CoreLocation.framework; path = System/Library/Frameworks/CoreLocation.framework; sourceTree = SDKROOT; };
		13742C71148E784B008C2DF0 /* SystemConfiguration.framework */ = {isa = PBXFileReference; lastKnownFileType = wrapper.framework; name = SystemConfiguration.framework; path = System/Library/Frameworks/SystemConfiguration.framework; sourceTree = SDKROOT; };
		13742C7B148E8339008C2DF0 /* MainWindow.xib */ = {isa = PBXFileReference; fileEncoding = 4; lastKnownFileType = file.xib; path = MainWindow.xib; sourceTree = "<group>"; };
		13742C8F148FF8DD008C2DF0 /* CouponCell.xib */ = {isa = PBXFileReference; fileEncoding = 4; lastKnownFileType = file.xib; path = CouponCell.xib; sourceTree = "<group>"; };
		13742C9114902651008C2DF0 /* CouponTableViewController.h */ = {isa = PBXFileReference; fileEncoding = 4; lastKnownFileType = sourcecode.c.h; path = CouponTableViewController.h; sourceTree = "<group>"; };
		13742C9214902652008C2DF0 /* CouponTableViewController.m */ = {isa = PBXFileReference; fileEncoding = 4; lastKnownFileType = sourcecode.c.objc; path = CouponTableViewController.m; sourceTree = "<group>"; };
		13742C96149026CB008C2DF0 /* CouponTableViewController.xib */ = {isa = PBXFileReference; fileEncoding = 4; lastKnownFileType = file.xib; path = CouponTableViewController.xib; sourceTree = "<group>"; };
		13989FE514906EAE0020363A /* CouponListRequest.h */ = {isa = PBXFileReference; fileEncoding = 4; lastKnownFileType = sourcecode.c.h; path = CouponListRequest.h; sourceTree = "<group>"; };
		13989FE614906EAE0020363A /* CouponListRequest.m */ = {isa = PBXFileReference; fileEncoding = 4; lastKnownFileType = sourcecode.c.objc; path = CouponListRequest.m; sourceTree = "<group>"; };
		13989FE814907CB80020363A /* CouponInfo.h */ = {isa = PBXFileReference; fileEncoding = 4; lastKnownFileType = sourcecode.c.h; path = CouponInfo.h; sourceTree = "<group>"; };
		13989FE914907CB80020363A /* CouponInfo.m */ = {isa = PBXFileReference; fileEncoding = 4; lastKnownFileType = sourcecode.c.objc; path = CouponInfo.m; sourceTree = "<group>"; };
		13C31038148BDEAC00C67B57 /* Daily Deals.app */ = {isa = PBXFileReference; explicitFileType = wrapper.application; includeInIndex = 0; path = "Daily Deals.app"; sourceTree = BUILT_PRODUCTS_DIR; };
		13C3103C148BDEAC00C67B57 /* UIKit.framework */ = {isa = PBXFileReference; lastKnownFileType = wrapper.framework; name = UIKit.framework; path = System/Library/Frameworks/UIKit.framework; sourceTree = SDKROOT; };
		13C3103E148BDEAC00C67B57 /* Foundation.framework */ = {isa = PBXFileReference; lastKnownFileType = wrapper.framework; name = Foundation.framework; path = System/Library/Frameworks/Foundation.framework; sourceTree = SDKROOT; };
		13C31040148BDEAC00C67B57 /* CoreGraphics.framework */ = {isa = PBXFileReference; lastKnownFileType = wrapper.framework; name = CoreGraphics.framework; path = System/Library/Frameworks/CoreGraphics.framework; sourceTree = SDKROOT; };
		13C31044148BDEAC00C67B57 /* Daily Deals-Info.plist */ = {isa = PBXFileReference; lastKnownFileType = text.plist.xml; path = "Daily Deals-Info.plist"; sourceTree = "<group>"; };
		13C31046148BDEAC00C67B57 /* en */ = {isa = PBXFileReference; lastKnownFileType = text.plist.strings; name = en; path = en.lproj/InfoPlist.strings; sourceTree = "<group>"; };
		13C31048148BDEAC00C67B57 /* main.m */ = {isa = PBXFileReference; lastKnownFileType = sourcecode.c.objc; path = main.m; sourceTree = "<group>"; };
		13C3104A148BDEAC00C67B57 /* Daily Deals-Prefix.pch */ = {isa = PBXFileReference; lastKnownFileType = sourcecode.c.h; path = "Daily Deals-Prefix.pch"; sourceTree = "<group>"; };
		13C3104B148BDEAC00C67B57 /* DailyDealsAppDelegate.h */ = {isa = PBXFileReference; lastKnownFileType = sourcecode.c.h; path = DailyDealsAppDelegate.h; sourceTree = "<group>"; };
		13C3104C148BDEAC00C67B57 /* DailyDealsAppDelegate.m */ = {isa = PBXFileReference; lastKnownFileType = sourcecode.c.objc; path = DailyDealsAppDelegate.m; sourceTree = "<group>"; };
		13C3104E148BDEAC00C67B57 /* DailyDealsFirstViewController.h */ = {isa = PBXFileReference; lastKnownFileType = sourcecode.c.h; path = DailyDealsFirstViewController.h; sourceTree = "<group>"; };
		13C3104F148BDEAC00C67B57 /* DailyDealsFirstViewController.m */ = {isa = PBXFileReference; lastKnownFileType = sourcecode.c.objc; path = DailyDealsFirstViewController.m; sourceTree = "<group>"; };
		13C31055148BDEAC00C67B57 /* DailyDealsSecondViewController.h */ = {isa = PBXFileReference; lastKnownFileType = sourcecode.c.h; path = DailyDealsSecondViewController.h; sourceTree = "<group>"; };
		13C31056148BDEAC00C67B57 /* DailyDealsSecondViewController.m */ = {isa = PBXFileReference; lastKnownFileType = sourcecode.c.objc; path = DailyDealsSecondViewController.m; sourceTree = "<group>"; };
		13C310A3148BE04000C67B57 /* first.png */ = {isa = PBXFileReference; lastKnownFileType = image.png; path = first.png; sourceTree = "<group>"; };
		13C310A4148BE04000C67B57 /* first@2x.png */ = {isa = PBXFileReference; lastKnownFileType = image.png; path = "first@2x.png"; sourceTree = "<group>"; };
		13C310A5148BE04000C67B57 /* second.png */ = {isa = PBXFileReference; lastKnownFileType = image.png; path = second.png; sourceTree = "<group>"; };
		13C310A6148BE04000C67B57 /* second@2x.png */ = {isa = PBXFileReference; lastKnownFileType = image.png; path = "second@2x.png"; sourceTree = "<group>"; };
		13C310A8148BE04000C67B57 /* DailyDealsFirstViewController.xib */ = {isa = PBXFileReference; fileEncoding = 4; lastKnownFileType = file.xib; path = DailyDealsFirstViewController.xib; sourceTree = "<group>"; };
		13C310A9148BE04000C67B57 /* DailyDealsSecondViewController.xib */ = {isa = PBXFileReference; fileEncoding = 4; lastKnownFileType = file.xib; path = DailyDealsSecondViewController.xib; sourceTree = "<group>"; };
/* End PBXFileReference section */

/* Begin PBXFrameworksBuildPhase section */
		13C31035148BDEAC00C67B57 /* Frameworks */ = {
			isa = PBXFrameworksBuildPhase;
			buildActionMask = 2147483647;
			files = (
				13742C72148E784B008C2DF0 /* SystemConfiguration.framework in Frameworks */,
				13742C70148E77D9008C2DF0 /* CoreLocation.framework in Frameworks */,
				13C3103D148BDEAC00C67B57 /* UIKit.framework in Frameworks */,
				13C3103F148BDEAC00C67B57 /* Foundation.framework in Frameworks */,
				13C31041148BDEAC00C67B57 /* CoreGraphics.framework in Frameworks */,
			);
			runOnlyForDeploymentPostprocessing = 0;
		};
/* End PBXFrameworksBuildPhase section */

/* Begin PBXGroup section */
		13C3102D148BDEAC00C67B57 = {
			isa = PBXGroup;
			children = (
				13C31042148BDEAC00C67B57 /* Daily Deals */,
				13C3103B148BDEAC00C67B57 /* Frameworks */,
				13C31039148BDEAC00C67B57 /* Products */,
			);
			sourceTree = "<group>";
		};
		13C31039148BDEAC00C67B57 /* Products */ = {
			isa = PBXGroup;
			children = (
				13C31038148BDEAC00C67B57 /* Daily Deals.app */,
			);
			name = Products;
			sourceTree = "<group>";
		};
		13C3103B148BDEAC00C67B57 /* Frameworks */ = {
			isa = PBXGroup;
			children = (
				13742C71148E784B008C2DF0 /* SystemConfiguration.framework */,
				13742C6F148E77D9008C2DF0 /* CoreLocation.framework */,
				13C3103C148BDEAC00C67B57 /* UIKit.framework */,
				13C3103E148BDEAC00C67B57 /* Foundation.framework */,
				13C31040148BDEAC00C67B57 /* CoreGraphics.framework */,
			);
			name = Frameworks;
			sourceTree = "<group>";
		};
		13C31042148BDEAC00C67B57 /* Daily Deals */ = {
			isa = PBXGroup;
			children = (
				13742C3D148BEE5C008C2DF0 /* BaseRequest.h */,
				13742C3E148BEE5C008C2DF0 /* BaseRequest.m */,
				13742C4B148C102D008C2DF0 /* CityInfo.h */,
				13742C4C148C102D008C2DF0 /* CityInfo.m */,
				13742C48148C08F7008C2DF0 /* CityListRequest.h */,
				13742C49148C08F7008C2DF0 /* CityListRequest.m */,
				13742C4E148D9A8E008C2DF0 /* CoreLocationController.h */,
				13742C4F148D9A8E008C2DF0 /* CoreLocationController.m */,
				13989FE814907CB80020363A /* CouponInfo.h */,
				13989FE914907CB80020363A /* CouponInfo.m */,
				13742C9114902651008C2DF0 /* CouponTableViewController.h */,
				13742C9214902652008C2DF0 /* CouponTableViewController.m */,
				13989FE514906EAE0020363A /* CouponListRequest.h */,
				13989FE614906EAE0020363A /* CouponListRequest.m */,
				13C3104B148BDEAC00C67B57 /* DailyDealsAppDelegate.h */,
				13C3104C148BDEAC00C67B57 /* DailyDealsAppDelegate.m */,
				13C3104E148BDEAC00C67B57 /* DailyDealsFirstViewController.h */,
				13C3104F148BDEAC00C67B57 /* DailyDealsFirstViewController.m */,
				13C31055148BDEAC00C67B57 /* DailyDealsSecondViewController.h */,
				13C31056148BDEAC00C67B57 /* DailyDealsSecondViewController.m */,
				13742C5E148DAD00008C2DF0 /* DeviceReachabilityHelper.h */,
				13742C5F148DAD00008C2DF0 /* DeviceReachabilityHelper.m */,
				13742C60148DAD01008C2DF0 /* DeviceTypeHelper.h */,
				13742C61148DAD01008C2DF0 /* DeviceTypeHelper.m */,
				1331DB1D1491855C005E6106 /* PleaseWaitView.h */,
				1331DB1E1491855C005E6106 /* PleaseWaitView.m */,
				1331DB0214912D41005E6106 /* SelectACityViewController.h */,
				1331DB0314912D41005E6106 /* SelectACityViewController.m */,
				13742C64148DAF3B008C2DF0 /* SetupViewController.h */,
				13742C65148DAF3B008C2DF0 /* SetupViewController.m */,
				13C310A1148BE04000C67B57 /* Resources */,
				13C31043148BDEAC00C67B57 /* Supporting Files */,
			);
			path = "Daily Deals";
			sourceTree = "<group>";
		};
		13C31043148BDEAC00C67B57 /* Supporting Files */ = {
			isa = PBXGroup;
			children = (
				13C31044148BDEAC00C67B57 /* Daily Deals-Info.plist */,
				13C31045148BDEAC00C67B57 /* InfoPlist.strings */,
				13C31048148BDEAC00C67B57 /* main.m */,
				13C3104A148BDEAC00C67B57 /* Daily Deals-Prefix.pch */,
			);
			name = "Supporting Files";
			sourceTree = "<group>";
		};
		13C310A1148BE04000C67B57 /* Resources */ = {
			isa = PBXGroup;
			children = (
				13C310A2148BE04000C67B57 /* Images */,
				13C310A7148BE04000C67B57 /* Xibs */,
			);
			path = Resources;
			sourceTree = "<group>";
		};
		13C310A2148BE04000C67B57 /* Images */ = {
			isa = PBXGroup;
			children = (
				13742C57148DA6BF008C2DF0 /* plainBackground.png */,
				13742C58148DA6BF008C2DF0 /* plainBackground@2x.png */,
				13742C44148BF2E3008C2DF0 /* Default.png */,
				13742C45148BF2E3008C2DF0 /* Default@2x.png */,
				13C310A3148BE04000C67B57 /* first.png */,
				13C310A4148BE04000C67B57 /* first@2x.png */,
				13C310A5148BE04000C67B57 /* second.png */,
				13C310A6148BE04000C67B57 /* second@2x.png */,
			);
			path = Images;
			sourceTree = "<group>";
		};
		13C310A7148BE04000C67B57 /* Xibs */ = {
			isa = PBXGroup;
			children = (
				1331DB2214918609005E6106 /* PleaseWaitView.xib */,
				1331DB0714912DC2005E6106 /* SelectACityViewController.xib */,
				13742C96149026CB008C2DF0 /* CouponTableViewController.xib */,
				13742C69148DAF67008C2DF0 /* SetupViewController.xib */,
				13C310A8148BE04000C67B57 /* DailyDealsFirstViewController.xib */,
				13C310A9148BE04000C67B57 /* DailyDealsSecondViewController.xib */,
				13742C7B148E8339008C2DF0 /* MainWindow.xib */,
				13742C8F148FF8DD008C2DF0 /* CouponCell.xib */,
			);
			path = Xibs;
			sourceTree = "<group>";
		};
/* End PBXGroup section */

/* Begin PBXNativeTarget section */
		13C31037148BDEAC00C67B57 /* Daily Deals */ = {
			isa = PBXNativeTarget;
			buildConfigurationList = 13C31064148BDEAC00C67B57 /* Build configuration list for PBXNativeTarget "Daily Deals" */;
			buildPhases = (
				13C31034148BDEAC00C67B57 /* Sources */,
				13C31035148BDEAC00C67B57 /* Frameworks */,
				13C31036148BDEAC00C67B57 /* Resources */,
			);
			buildRules = (
			);
			dependencies = (
			);
			name = "Daily Deals";
			productName = "Daily Deals";
			productReference = 13C31038148BDEAC00C67B57 /* Daily Deals.app */;
			productType = "com.apple.product-type.application";
		};
/* End PBXNativeTarget section */

/* Begin PBXProject section */
		13C3102F148BDEAC00C67B57 /* Project object */ = {
			isa = PBXProject;
			attributes = {
				LastUpgradeCheck = 0420;
			};
			buildConfigurationList = 13C31032148BDEAC00C67B57 /* Build configuration list for PBXProject "Daily Deals" */;
			compatibilityVersion = "Xcode 3.2";
			developmentRegion = English;
			hasScannedForEncodings = 0;
			knownRegions = (
				en,
			);
			mainGroup = 13C3102D148BDEAC00C67B57;
			productRefGroup = 13C31039148BDEAC00C67B57 /* Products */;
			projectDirPath = "";
			projectRoot = "";
			targets = (
				13C31037148BDEAC00C67B57 /* Daily Deals */,
			);
		};
/* End PBXProject section */

/* Begin PBXResourcesBuildPhase section */
		13C31036148BDEAC00C67B57 /* Resources */ = {
			isa = PBXResourcesBuildPhase;
			buildActionMask = 2147483647;
			files = (
				13C31047148BDEAC00C67B57 /* InfoPlist.strings in Resources */,
				13C310AA148BE04000C67B57 /* first.png in Resources */,
				13C310AB148BE04000C67B57 /* first@2x.png in Resources */,
				13C310AC148BE04000C67B57 /* second.png in Resources */,
				13C310AD148BE04000C67B57 /* second@2x.png in Resources */,
				13C310AE148BE04000C67B57 /* DailyDealsFirstViewController.xib in Resources */,
				13C310AF148BE04000C67B57 /* DailyDealsSecondViewController.xib in Resources */,
				13742C46148BF2E3008C2DF0 /* Default.png in Resources */,
				13742C47148BF2E3008C2DF0 /* Default@2x.png in Resources */,
				13742C59148DA6BF008C2DF0 /* plainBackground.png in Resources */,
				13742C5A148DA6BF008C2DF0 /* plainBackground@2x.png in Resources */,
				13742C6A148DAF67008C2DF0 /* SetupViewController.xib in Resources */,
				13742C7C148E8339008C2DF0 /* MainWindow.xib in Resources */,
				13742C90148FF8DD008C2DF0 /* CouponCell.xib in Resources */,
				13742C97149026CB008C2DF0 /* CouponTableViewController.xib in Resources */,
				1331DB0814912DC2005E6106 /* SelectACityViewController.xib in Resources */,
				1331DB2314918609005E6106 /* PleaseWaitView.xib in Resources */,
			);
			runOnlyForDeploymentPostprocessing = 0;
		};
/* End PBXResourcesBuildPhase section */

/* Begin PBXSourcesBuildPhase section */
		13C31034148BDEAC00C67B57 /* Sources */ = {
			isa = PBXSourcesBuildPhase;
			buildActionMask = 2147483647;
			files = (
				13C31049148BDEAC00C67B57 /* main.m in Sources */,
				13C3104D148BDEAC00C67B57 /* DailyDealsAppDelegate.m in Sources */,
				13C31050148BDEAC00C67B57 /* DailyDealsFirstViewController.m in Sources */,
				13C31057148BDEAC00C67B57 /* DailyDealsSecondViewController.m in Sources */,
				13742C3F148BEE5C008C2DF0 /* BaseRequest.m in Sources */,
				13742C4A148C08F7008C2DF0 /* CityListRequest.m in Sources */,
				13742C4D148C102D008C2DF0 /* CityInfo.m in Sources */,
				13742C50148D9A8E008C2DF0 /* CoreLocationController.m in Sources */,
				13742C62148DAD01008C2DF0 /* DeviceReachabilityHelper.m in Sources */,
				13742C63148DAD01008C2DF0 /* DeviceTypeHelper.m in Sources */,
				13742C67148DAF3C008C2DF0 /* SetupViewController.m in Sources */,
				13742C9414902654008C2DF0 /* CouponTableViewController.m in Sources */,
				13989FE714906EAE0020363A /* CouponListRequest.m in Sources */,
				13989FEA14907CB80020363A /* CouponInfo.m in Sources */,
				1331DB0514912D41005E6106 /* SelectACityViewController.m in Sources */,
				1331DB201491855D005E6106 /* PleaseWaitView.m in Sources */,
			);
			runOnlyForDeploymentPostprocessing = 0;
		};
/* End PBXSourcesBuildPhase section */

/* Begin PBXVariantGroup section */
		13C31045148BDEAC00C67B57 /* InfoPlist.strings */ = {
			isa = PBXVariantGroup;
			children = (
				13C31046148BDEAC00C67B57 /* en */,
			);
			name = InfoPlist.strings;
			sourceTree = "<group>";
		};
/* End PBXVariantGroup section */

/* Begin XCBuildConfiguration section */
		13C31062148BDEAC00C67B57 /* Debug */ = {
			isa = XCBuildConfiguration;
			buildSettings = {
				ALWAYS_SEARCH_USER_PATHS = NO;
				ARCHS = "$(ARCHS_STANDARD_32_BIT)";
				"CODE_SIGN_IDENTITY[sdk=iphoneos*]" = "iPhone Developer";
				COPY_PHASE_STRIP = NO;
				GCC_C_LANGUAGE_STANDARD = gnu99;
				GCC_DYNAMIC_NO_PIC = NO;
				GCC_OPTIMIZATION_LEVEL = 0;
				GCC_PREPROCESSOR_DEFINITIONS = (
					"DEBUG=1",
					"$(inherited)",
				);
				GCC_SYMBOLS_PRIVATE_EXTERN = NO;
				GCC_VERSION = com.apple.compilers.llvm.clang.1_0;
				GCC_WARN_ABOUT_MISSING_PROTOTYPES = YES;
				GCC_WARN_ABOUT_RETURN_TYPE = YES;
				GCC_WARN_UNUSED_VARIABLE = YES;
				IPHONEOS_DEPLOYMENT_TARGET = 5.0;
				SDKROOT = iphoneos;
			};
			name = Debug;
		};
		13C31063148BDEAC00C67B57 /* Release */ = {
			isa = XCBuildConfiguration;
			buildSettings = {
				ALWAYS_SEARCH_USER_PATHS = NO;
				ARCHS = "$(ARCHS_STANDARD_32_BIT)";
				"CODE_SIGN_IDENTITY[sdk=iphoneos*]" = "iPhone Developer";
				COPY_PHASE_STRIP = YES;
				GCC_C_LANGUAGE_STANDARD = gnu99;
				GCC_VERSION = com.apple.compilers.llvm.clang.1_0;
				GCC_WARN_ABOUT_MISSING_PROTOTYPES = YES;
				GCC_WARN_ABOUT_RETURN_TYPE = YES;
				GCC_WARN_UNUSED_VARIABLE = YES;
				IPHONEOS_DEPLOYMENT_TARGET = 5.0;
				OTHER_CFLAGS = "-DNS_BLOCK_ASSERTIONS=1";
				SDKROOT = iphoneos;
				VALIDATE_PRODUCT = YES;
			};
			name = Release;
		};
		13C31065148BDEAC00C67B57 /* Debug */ = {
			isa = XCBuildConfiguration;
			buildSettings = {
				GCC_PRECOMPILE_PREFIX_HEADER = YES;
				GCC_PREFIX_HEADER = "Daily Deals/Daily Deals-Prefix.pch";
				INFOPLIST_FILE = "Daily Deals/Daily Deals-Info.plist";
				PRODUCT_NAME = "$(TARGET_NAME)";
				WRAPPER_EXTENSION = app;
			};
			name = Debug;
		};
		13C31066148BDEAC00C67B57 /* Release */ = {
			isa = XCBuildConfiguration;
			buildSettings = {
				GCC_PRECOMPILE_PREFIX_HEADER = YES;
				GCC_PREFIX_HEADER = "Daily Deals/Daily Deals-Prefix.pch";
				INFOPLIST_FILE = "Daily Deals/Daily Deals-Info.plist";
				PRODUCT_NAME = "$(TARGET_NAME)";
				WRAPPER_EXTENSION = app;
			};
			name = Release;
		};
/* End XCBuildConfiguration section */

/* Begin XCConfigurationList section */
		13C31032148BDEAC00C67B57 /* Build configuration list for PBXProject "Daily Deals" */ = {
			isa = XCConfigurationList;
			buildConfigurations = (
				13C31062148BDEAC00C67B57 /* Debug */,
				13C31063148BDEAC00C67B57 /* Release */,
			);
			defaultConfigurationIsVisible = 0;
			defaultConfigurationName = Release;
		};
		13C31064148BDEAC00C67B57 /* Build configuration list for PBXNativeTarget "Daily Deals" */ = {
			isa = XCConfigurationList;
			buildConfigurations = (
				13C31065148BDEAC00C67B57 /* Debug */,
				13C31066148BDEAC00C67B57 /* Release */,
			);
			defaultConfigurationIsVisible = 0;
			defaultConfigurationName = Release;
		};
/* End XCConfigurationList section */
	};
	rootObject = 13C3102F148BDEAC00C67B57 /* Project object */;
}
